
Microsoft Visual Studio Solution File, Format Version 12.00
# Visual Studio Version 17
VisualStudioVersion = 17.10.35027.167
MinimumVisualStudioVersion = 10.0.40219.1
Project("{FAE04EC0-301F-11D3-BF4B-00C04F79EFBC}") = "DatabaseFirstApprochApp", "DatabaseFirstApprochApp.csproj", "{4C90057F-2FE1-4308-AB77-B478A29E9CEA}"
EndProject
Global
	GlobalSection(SolutionConfigurationPlatforms) = preSolution
		Debug|Any CPU = Debug|Any CPU
		Release|Any CPU = Release|Any CPU
	EndGlobalSection
	GlobalSection(ProjectConfigurationPlatforms) = postSolution
		{4C90057F-2FE1-4308-AB77-B478A29E9CEA}.Debug|Any CPU.ActiveCfg = Debug|Any CPU
		{4C90057F-2FE1-4308-AB77-B478A29E9CEA}.Debug|Any CPU.Build.0 = Debug|Any CPU
		{4C90057F-2FE1-4308-AB77-B478A29E9CEA}.Release|Any CPU.ActiveCfg = Release|Any CPU
		{4C90057F-2FE1-4308-AB77-B478A29E9CEA}.Release|Any CPU.Build.0 = Release|Any CPU
	EndGlobalSection
	GlobalSection(SolutionProperties) = preSolution
		HideSolutionNode = FALSE
	EndGlobalSection
	GlobalSection(ExtensibilityGlobals) = postSolution
		SolutionGuid = {890C5561-CFC4-4B5C-A7C9-F18EE47815D3}
	EndGlobalSection
EndGlobal
